
Microsoft Visual Studio Solution File, Format Version 12.00
# Visual Studio Version 17
VisualStudioVersion = 17.9.34616.47
MinimumVisualStudioVersion = 10.0.40219.1
Project("{9A19103F-16F7-4668-BE54-9A1E7A4F7556}") = "OnlineStore.UI.Forms.UserIdentification.Authorization", "OnlineStore.UI.Forms.UserIdentification.Authorization\OnlineStore.UI.Forms.UserIdentification.Authorization.csproj", "{BC322777-02D5-4795-B4F8-E97CD190F776}"
EndProject
Project("{2150E333-8FDC-42A3-9474-1A3956D46DE8}") = "UI", "UI", "{65B895AA-1DF3-4B3C-A521-5345CBD9B706}"
EndProject
Project("{2150E333-8FDC-42A3-9474-1A3956D46DE8}") = "Forms", "Forms", "{DD65232C-451F-4F34-A5CF-A7E868182316}"
EndProject
Project("{2150E333-8FDC-42A3-9474-1A3956D46DE8}") = "UserIdentification", "UserIdentification", "{0EAC9756-3C6E-4B66-8D0E-AF99868CB8CD}"
EndProject
Project("{9A19103F-16F7-4668-BE54-9A1E7A4F7556}") = "OnlineStore.UI.Forms.UserIdentification.Registration", "OnlineStore.UI.Forms.UserIdentification.Registration\OnlineStore.UI.Forms.UserIdentification.Registration.csproj", "{98CD547F-874E-45AB-B915-DEC65BE31D54}"
EndProject
Project("{2150E333-8FDC-42A3-9474-1A3956D46DE8}") = "MainWindow", "MainWindow", "{14ABBEBA-D593-4C07-BCBC-50F941C6236F}"
EndProject
Project("{9A19103F-16F7-4668-BE54-9A1E7A4F7556}") = "OnlineStore.UI.Forms.MainWindow", "OnlineStore.UI.Forms.MainWindow\OnlineStore.UI.Forms.MainWindow.csproj", "{FBBB5544-3970-475E-B0DF-95952878406E}"
EndProject
Project("{2150E333-8FDC-42A3-9474-1A3956D46DE8}") = "Tabs", "Tabs", "{057A01BD-E994-41BD-9E4F-DD2814AB7390}"
EndProject
Project("{9A19103F-16F7-4668-BE54-9A1E7A4F7556}") = "OnlineStore.UI.Forms.MainWindow.Tabs.UserAccount", "OnlineStore.UI.Forms.MainWindow.Tabs.UserAccount\OnlineStore.UI.Forms.MainWindow.Tabs.UserAccount.csproj", "{808A4DF6-0D6B-4CF6-A15D-4E17E310B7DF}"
EndProject
Project("{9A19103F-16F7-4668-BE54-9A1E7A4F7556}") = "OnlineStore.UI.Forms.MainWindow.Tabs.ProductShowcase", "OnlineStore.UI.Forms.MainWindow.Tabs.ProductShowcase\OnlineStore.UI.Forms.MainWindow.Tabs.ProductShowcase.csproj", "{66DCE1B1-CA8E-4417-8F78-974E6B65BC12}"
EndProject
Project("{2150E333-8FDC-42A3-9474-1A3956D46DE8}") = "Mvp", "Mvp", "{E479BA40-6021-4B96-9F16-BCC312853F90}"
EndProject
Project("{9A19103F-16F7-4668-BE54-9A1E7A4F7556}") = "OnlineStore.UI.Mvp", "OnlineStore.UI.Mvp\OnlineStore.UI.Mvp.csproj", "{A7CFA76D-2825-4D33-8E8F-77529CDF83D9}"
EndProject
Project("{2150E333-8FDC-42A3-9474-1A3956D46DE8}") = "Domain", "Domain", "{022765DE-05E2-4344-B5BF-E499D04E7BDC}"
EndProject
Project("{9A19103F-16F7-4668-BE54-9A1E7A4F7556}") = "OnlineStore.Domain", "OnlineStore.Domain\OnlineStore.Domain.csproj", "{AFB703BB-8724-42E6-9D4C-1C96BA8F900C}"
EndProject
Project("{2150E333-8FDC-42A3-9474-1A3956D46DE8}") = "DataAccess", "DataAccess", "{FB2EA570-102D-49C9-A09C-5E191B6BDD60}"
EndProject
Project("{2150E333-8FDC-42A3-9474-1A3956D46DE8}") = "Service", "Service", "{E82AC1BC-879B-4EF1-939C-6E1F8F74452A}"
EndProject
Project("{9A19103F-16F7-4668-BE54-9A1E7A4F7556}") = "OnlineStore.DataAccess", "OnlineStore.DataAccess\OnlineStore.DataAccess.csproj", "{B3796DFE-BC8B-493C-8516-0CBAF35F3E3B}"
EndProject
Project("{2150E333-8FDC-42A3-9474-1A3956D46DE8}") = "Providers", "Providers", "{705A1866-D131-43EC-840C-850D918C256B}"
EndProject
Project("{2150E333-8FDC-42A3-9474-1A3956D46DE8}") = "Infrastructure", "Infrastructure", "{7DEBD0DD-2519-4AF1-8D58-1531FAA5B268}"
EndProject
Project("{9A19103F-16F7-4668-BE54-9A1E7A4F7556}") = "OnlineStore.DataAccess.Providers.Infrastructure.ADO", "OnlineStore.DataAccess.Providers.Infrastructure.ADO\OnlineStore.DataAccess.Providers.Infrastructure.ADO.csproj", "{A03A1F4C-EB67-41EB-AAAB-121A279805E2}"
EndProject
Project("{2150E333-8FDC-42A3-9474-1A3956D46DE8}") = "ADO", "ADO", "{7DF0CBD4-6FF0-46C0-A3FA-B0F537B250B1}"
EndProject
Project("{9A19103F-16F7-4668-BE54-9A1E7A4F7556}") = "OnlineStore.DataAccess.Providers.Infrastructure.Abstractions", "OnlineStore.DataAccess.Providers.Infrastructure.Abstractions\OnlineStore.DataAccess.Providers.Infrastructure.Abstractions.csproj", "{24780206-4E55-42D0-90D8-C4D4FD1024AC}"
EndProject
Project("{9A19103F-16F7-4668-BE54-9A1E7A4F7556}") = "OnlineStore.Service", "OnlineStore.Service\OnlineStore.Service.csproj", "{9602B716-6B54-4C56-8EE4-269216A20A5D}"
EndProject
Project("{2150E333-8FDC-42A3-9474-1A3956D46DE8}") = "Components", "Components", "{0AAF3218-5422-44A9-B427-382EBD6798F1}"
EndProject
Project("{9A19103F-16F7-4668-BE54-9A1E7A4F7556}") = "OnlineStore.UI.Forms.Components", "OnlineStore.UI.Forms.Components\OnlineStore.UI.Forms.Components.csproj", "{34D7B353-133E-4BE8-8452-947BBA0D89FC}"
EndProject
Project("{9A19103F-16F7-4668-BE54-9A1E7A4F7556}") = "OnlineStore.UI.Forms.MainWindow.Tabs.ShoppingCard", "OnlineStore.UI.Forms.MainWindow.Tabs.ShoppingCard\OnlineStore.UI.Forms.MainWindow.Tabs.ShoppingCard.csproj", "{71D1B7D9-C64B-4334-8634-684EB62EF431}"
EndProject
Project("{2150E333-8FDC-42A3-9474-1A3956D46DE8}") = "ProductView", "ProductView", "{29E29C47-87B9-410D-9149-59D1EC2CF8BA}"
EndProject
Project("{9A19103F-16F7-4668-BE54-9A1E7A4F7556}") = "OnlineStore.UI.Forms.MainWindow.Tabs.ProductView", "OnlineStore.UI.Forms.MainWindow.Tabs.ProductView\OnlineStore.UI.Forms.MainWindow.Tabs.ProductView.csproj", "{BCB720FF-401B-4A6C-A5D4-9D9FFFC0FAA9}"
EndProject
Project("{2150E333-8FDC-42A3-9474-1A3956D46DE8}") = "Relational", "Relational", "{38694C74-4666-496E-80D5-B103BC06DB38}"
EndProject
Project("{9A19103F-16F7-4668-BE54-9A1E7A4F7556}") = "OnlineStore.DataAccess.Providers.Relational.Abstractions", "OnlineStore.DataAccess.Providers.Relational.Abstractions\OnlineStore.DataAccess.Providers.Relational.Abstractions.csproj", "{3A77F731-2529-4B0B-9F0D-D0A21F4836A8}"
EndProject
Project("{9A19103F-16F7-4668-BE54-9A1E7A4F7556}") = "OnlineStore.DataAccess.Providers.Relational.Database.SqlServer", "OnlineStore.DataAccess.Providers.Relational.Database.SqlServer\OnlineStore.DataAccess.Providers.Relational.Database.SqlServer.csproj", "{2B3F19E3-2813-426B-9620-840193C84B5E}"
EndProject
Project("{9A19103F-16F7-4668-BE54-9A1E7A4F7556}") = "OnlineStore.UI.Mvp.DI", "OnlineStore.UI.Mvp.DI\OnlineStore.UI.Mvp.DI.csproj", "{458AD933-9BF6-4C29-A9BA-85B83E452DF8}"
EndProject
Project("{9A19103F-16F7-4668-BE54-9A1E7A4F7556}") = "OnlineStore.UI.Mvp.Configuration", "OnlineStore.UI.Mvp.Configuration\OnlineStore.UI.Mvp.Configuration.csproj", "{9665391B-06CB-404D-94F7-C926E9517974}"
EndProject
Project("{2150E333-8FDC-42A3-9474-1A3956D46DE8}") = "Common", "Common", "{B09CA229-464A-4285-B5CA-4AF4DBCE86C8}"
EndProject
Project("{2150E333-8FDC-42A3-9474-1A3956D46DE8}") = "Abstractions", "Abstractions", "{30D5E3A7-96EE-4D0A-AB59-F8DD1337B9A0}"
EndProject
Project("{9A19103F-16F7-4668-BE54-9A1E7A4F7556}") = "OnlineStore.DataAccess.Providers.Relational.Repositories", "OnlineStore.DataAccess.Providers.Relational.Repositories\OnlineStore.DataAccess.Providers.Relational.Repositories.csproj", "{4E8D8001-92C7-4FD3-96B6-DAAE1548EAFB}"
EndProject
Project("{2150E333-8FDC-42A3-9474-1A3956D46DE8}") = "Logging", "Logging", "{50C44545-A09F-467D-93DF-546CD73C9AD3}"
EndProject
Project("{9A19103F-16F7-4668-BE54-9A1E7A4F7556}") = "OnlineStore.Service.Logging", "OnlineStore.Service.Logging\OnlineStore.Service.Logging.csproj", "{F0CAF8CA-9D7F-4063-87E8-FEAEC6EA7B41}"
EndProject
Project("{9A19103F-16F7-4668-BE54-9A1E7A4F7556}") = "OnlineStore.Service.Caching", "OnlineStore.Service.Caching\OnlineStore.Service.Caching.csproj", "{B40010C9-C65C-41FB-B6FC-7CEDDC0BCC7F}"
EndProject
Project("{2150E333-8FDC-42A3-9474-1A3956D46DE8}") = "Caching", "Caching", "{BF53CDAB-6F65-4F5D-9E2C-1EC965A6B3ED}"
EndProject
Project("{9A19103F-16F7-4668-BE54-9A1E7A4F7556}") = "OnlineStore.Service.CachingAbstractions", "OnlineStore.Service.Caching,Abstractions\OnlineStore.Service.CachingAbstractions.csproj", "{82DAB0A3-1EC6-45D4-AC0F-7135B91E4EF0}"
EndProject
Project("{FAE04EC0-301F-11D3-BF4B-00C04F79EFBC}") = "OnlineStore.Service.Serializer.Abstractions", "OnlineStore.Service.Serializer.Abstractions\OnlineStore.Service.Serializer.Abstractions.csproj", "{79ACAD30-ECCE-4E35-A285-CC92CA1D1A8F}"
EndProject
Project("{2150E333-8FDC-42A3-9474-1A3956D46DE8}") = "Serializer", "Serializer", "{74C16C57-21EC-4DA7-A8ED-413B29A7687D}"
EndProject
Project("{FAE04EC0-301F-11D3-BF4B-00C04F79EFBC}") = "OnlineStore.Service.Serializer.Yaml", "OnlineStore.Service.Serializer.Yaml\OnlineStore.Service.Serializer.Yaml.csproj", "{A782B08A-E619-4619-A475-A29C0744C915}"
EndProject
Project("{FAE04EC0-301F-11D3-BF4B-00C04F79EFBC}") = "OnlineStore.Service.Logging.File", "OnlineStore.Service.Logging.File\OnlineStore.Service.Logging.File.csproj", "{2FE97B71-ED90-489A-A9AB-FC3E36537984}"
EndProject
Global
	GlobalSection(SolutionConfigurationPlatforms) = preSolution
		Debug|Any CPU = Debug|Any CPU
		Release|Any CPU = Release|Any CPU
	EndGlobalSection
	GlobalSection(ProjectConfigurationPlatforms) = postSolution
		{BC322777-02D5-4795-B4F8-E97CD190F776}.Debug|Any CPU.ActiveCfg = Debug|Any CPU
		{BC322777-02D5-4795-B4F8-E97CD190F776}.Debug|Any CPU.Build.0 = Debug|Any CPU
		{BC322777-02D5-4795-B4F8-E97CD190F776}.Release|Any CPU.ActiveCfg = Release|Any CPU
		{BC322777-02D5-4795-B4F8-E97CD190F776}.Release|Any CPU.Build.0 = Release|Any CPU
		{98CD547F-874E-45AB-B915-DEC65BE31D54}.Debug|Any CPU.ActiveCfg = Debug|Any CPU
		{98CD547F-874E-45AB-B915-DEC65BE31D54}.Debug|Any CPU.Build.0 = Debug|Any CPU
		{98CD547F-874E-45AB-B915-DEC65BE31D54}.Release|Any CPU.ActiveCfg = Release|Any CPU
		{98CD547F-874E-45AB-B915-DEC65BE31D54}.Release|Any CPU.Build.0 = Release|Any CPU
		{FBBB5544-3970-475E-B0DF-95952878406E}.Debug|Any CPU.ActiveCfg = Debug|Any CPU
		{FBBB5544-3970-475E-B0DF-95952878406E}.Debug|Any CPU.Build.0 = Debug|Any CPU
		{FBBB5544-3970-475E-B0DF-95952878406E}.Release|Any CPU.ActiveCfg = Release|Any CPU
		{FBBB5544-3970-475E-B0DF-95952878406E}.Release|Any CPU.Build.0 = Release|Any CPU
		{808A4DF6-0D6B-4CF6-A15D-4E17E310B7DF}.Debug|Any CPU.ActiveCfg = Debug|Any CPU
		{808A4DF6-0D6B-4CF6-A15D-4E17E310B7DF}.Debug|Any CPU.Build.0 = Debug|Any CPU
		{808A4DF6-0D6B-4CF6-A15D-4E17E310B7DF}.Release|Any CPU.ActiveCfg = Release|Any CPU
		{808A4DF6-0D6B-4CF6-A15D-4E17E310B7DF}.Release|Any CPU.Build.0 = Release|Any CPU
		{66DCE1B1-CA8E-4417-8F78-974E6B65BC12}.Debug|Any CPU.ActiveCfg = Debug|Any CPU
		{66DCE1B1-CA8E-4417-8F78-974E6B65BC12}.Debug|Any CPU.Build.0 = Debug|Any CPU
		{66DCE1B1-CA8E-4417-8F78-974E6B65BC12}.Release|Any CPU.ActiveCfg = Release|Any CPU
		{66DCE1B1-CA8E-4417-8F78-974E6B65BC12}.Release|Any CPU.Build.0 = Release|Any CPU
		{A7CFA76D-2825-4D33-8E8F-77529CDF83D9}.Debug|Any CPU.ActiveCfg = Debug|Any CPU
		{A7CFA76D-2825-4D33-8E8F-77529CDF83D9}.Debug|Any CPU.Build.0 = Debug|Any CPU
		{A7CFA76D-2825-4D33-8E8F-77529CDF83D9}.Release|Any CPU.ActiveCfg = Release|Any CPU
		{A7CFA76D-2825-4D33-8E8F-77529CDF83D9}.Release|Any CPU.Build.0 = Release|Any CPU
		{AFB703BB-8724-42E6-9D4C-1C96BA8F900C}.Debug|Any CPU.ActiveCfg = Debug|Any CPU
		{AFB703BB-8724-42E6-9D4C-1C96BA8F900C}.Debug|Any CPU.Build.0 = Debug|Any CPU
		{AFB703BB-8724-42E6-9D4C-1C96BA8F900C}.Release|Any CPU.ActiveCfg = Release|Any CPU
		{AFB703BB-8724-42E6-9D4C-1C96BA8F900C}.Release|Any CPU.Build.0 = Release|Any CPU
		{B3796DFE-BC8B-493C-8516-0CBAF35F3E3B}.Debug|Any CPU.ActiveCfg = Debug|Any CPU
		{B3796DFE-BC8B-493C-8516-0CBAF35F3E3B}.Debug|Any CPU.Build.0 = Debug|Any CPU
		{B3796DFE-BC8B-493C-8516-0CBAF35F3E3B}.Release|Any CPU.ActiveCfg = Release|Any CPU
		{B3796DFE-BC8B-493C-8516-0CBAF35F3E3B}.Release|Any CPU.Build.0 = Release|Any CPU
		{A03A1F4C-EB67-41EB-AAAB-121A279805E2}.Debug|Any CPU.ActiveCfg = Debug|Any CPU
		{A03A1F4C-EB67-41EB-AAAB-121A279805E2}.Debug|Any CPU.Build.0 = Debug|Any CPU
		{A03A1F4C-EB67-41EB-AAAB-121A279805E2}.Release|Any CPU.ActiveCfg = Release|Any CPU
		{A03A1F4C-EB67-41EB-AAAB-121A279805E2}.Release|Any CPU.Build.0 = Release|Any CPU
		{24780206-4E55-42D0-90D8-C4D4FD1024AC}.Debug|Any CPU.ActiveCfg = Debug|Any CPU
		{24780206-4E55-42D0-90D8-C4D4FD1024AC}.Debug|Any CPU.Build.0 = Debug|Any CPU
		{24780206-4E55-42D0-90D8-C4D4FD1024AC}.Release|Any CPU.ActiveCfg = Release|Any CPU
		{24780206-4E55-42D0-90D8-C4D4FD1024AC}.Release|Any CPU.Build.0 = Release|Any CPU
		{9602B716-6B54-4C56-8EE4-269216A20A5D}.Debug|Any CPU.ActiveCfg = Debug|Any CPU
		{9602B716-6B54-4C56-8EE4-269216A20A5D}.Debug|Any CPU.Build.0 = Debug|Any CPU
		{9602B716-6B54-4C56-8EE4-269216A20A5D}.Release|Any CPU.ActiveCfg = Release|Any CPU
		{9602B716-6B54-4C56-8EE4-269216A20A5D}.Release|Any CPU.Build.0 = Release|Any CPU
		{34D7B353-133E-4BE8-8452-947BBA0D89FC}.Debug|Any CPU.ActiveCfg = Debug|Any CPU
		{34D7B353-133E-4BE8-8452-947BBA0D89FC}.Debug|Any CPU.Build.0 = Debug|Any CPU
		{34D7B353-133E-4BE8-8452-947BBA0D89FC}.Release|Any CPU.ActiveCfg = Release|Any CPU
		{34D7B353-133E-4BE8-8452-947BBA0D89FC}.Release|Any CPU.Build.0 = Release|Any CPU
		{71D1B7D9-C64B-4334-8634-684EB62EF431}.Debug|Any CPU.ActiveCfg = Debug|Any CPU
		{71D1B7D9-C64B-4334-8634-684EB62EF431}.Debug|Any CPU.Build.0 = Debug|Any CPU
		{71D1B7D9-C64B-4334-8634-684EB62EF431}.Release|Any CPU.ActiveCfg = Release|Any CPU
		{71D1B7D9-C64B-4334-8634-684EB62EF431}.Release|Any CPU.Build.0 = Release|Any CPU
		{BCB720FF-401B-4A6C-A5D4-9D9FFFC0FAA9}.Debug|Any CPU.ActiveCfg = Debug|Any CPU
		{BCB720FF-401B-4A6C-A5D4-9D9FFFC0FAA9}.Debug|Any CPU.Build.0 = Debug|Any CPU
		{BCB720FF-401B-4A6C-A5D4-9D9FFFC0FAA9}.Release|Any CPU.ActiveCfg = Release|Any CPU
		{BCB720FF-401B-4A6C-A5D4-9D9FFFC0FAA9}.Release|Any CPU.Build.0 = Release|Any CPU
		{3A77F731-2529-4B0B-9F0D-D0A21F4836A8}.Debug|Any CPU.ActiveCfg = Debug|Any CPU
		{3A77F731-2529-4B0B-9F0D-D0A21F4836A8}.Debug|Any CPU.Build.0 = Debug|Any CPU
		{3A77F731-2529-4B0B-9F0D-D0A21F4836A8}.Release|Any CPU.ActiveCfg = Release|Any CPU
		{3A77F731-2529-4B0B-9F0D-D0A21F4836A8}.Release|Any CPU.Build.0 = Release|Any CPU
		{2B3F19E3-2813-426B-9620-840193C84B5E}.Debug|Any CPU.ActiveCfg = Debug|Any CPU
		{2B3F19E3-2813-426B-9620-840193C84B5E}.Debug|Any CPU.Build.0 = Debug|Any CPU
		{2B3F19E3-2813-426B-9620-840193C84B5E}.Release|Any CPU.ActiveCfg = Release|Any CPU
		{2B3F19E3-2813-426B-9620-840193C84B5E}.Release|Any CPU.Build.0 = Release|Any CPU
		{458AD933-9BF6-4C29-A9BA-85B83E452DF8}.Debug|Any CPU.ActiveCfg = Debug|Any CPU
		{458AD933-9BF6-4C29-A9BA-85B83E452DF8}.Debug|Any CPU.Build.0 = Debug|Any CPU
		{458AD933-9BF6-4C29-A9BA-85B83E452DF8}.Release|Any CPU.ActiveCfg = Release|Any CPU
		{458AD933-9BF6-4C29-A9BA-85B83E452DF8}.Release|Any CPU.Build.0 = Release|Any CPU
		{9665391B-06CB-404D-94F7-C926E9517974}.Debug|Any CPU.ActiveCfg = Debug|Any CPU
		{9665391B-06CB-404D-94F7-C926E9517974}.Debug|Any CPU.Build.0 = Debug|Any CPU
		{9665391B-06CB-404D-94F7-C926E9517974}.Release|Any CPU.ActiveCfg = Release|Any CPU
		{9665391B-06CB-404D-94F7-C926E9517974}.Release|Any CPU.Build.0 = Release|Any CPU
		{4E8D8001-92C7-4FD3-96B6-DAAE1548EAFB}.Debug|Any CPU.ActiveCfg = Debug|Any CPU
		{4E8D8001-92C7-4FD3-96B6-DAAE1548EAFB}.Debug|Any CPU.Build.0 = Debug|Any CPU
		{4E8D8001-92C7-4FD3-96B6-DAAE1548EAFB}.Release|Any CPU.ActiveCfg = Release|Any CPU
		{4E8D8001-92C7-4FD3-96B6-DAAE1548EAFB}.Release|Any CPU.Build.0 = Release|Any CPU
		{F0CAF8CA-9D7F-4063-87E8-FEAEC6EA7B41}.Debug|Any CPU.ActiveCfg = Debug|Any CPU
		{F0CAF8CA-9D7F-4063-87E8-FEAEC6EA7B41}.Debug|Any CPU.Build.0 = Debug|Any CPU
		{F0CAF8CA-9D7F-4063-87E8-FEAEC6EA7B41}.Release|Any CPU.ActiveCfg = Release|Any CPU
		{F0CAF8CA-9D7F-4063-87E8-FEAEC6EA7B41}.Release|Any CPU.Build.0 = Release|Any CPU
		{B40010C9-C65C-41FB-B6FC-7CEDDC0BCC7F}.Debug|Any CPU.ActiveCfg = Debug|Any CPU
		{B40010C9-C65C-41FB-B6FC-7CEDDC0BCC7F}.Debug|Any CPU.Build.0 = Debug|Any CPU
		{B40010C9-C65C-41FB-B6FC-7CEDDC0BCC7F}.Release|Any CPU.ActiveCfg = Release|Any CPU
		{B40010C9-C65C-41FB-B6FC-7CEDDC0BCC7F}.Release|Any CPU.Build.0 = Release|Any CPU
		{82DAB0A3-1EC6-45D4-AC0F-7135B91E4EF0}.Debug|Any CPU.ActiveCfg = Debug|Any CPU
		{82DAB0A3-1EC6-45D4-AC0F-7135B91E4EF0}.Debug|Any CPU.Build.0 = Debug|Any CPU
		{82DAB0A3-1EC6-45D4-AC0F-7135B91E4EF0}.Release|Any CPU.ActiveCfg = Release|Any CPU
		{82DAB0A3-1EC6-45D4-AC0F-7135B91E4EF0}.Release|Any CPU.Build.0 = Release|Any CPU
		{79ACAD30-ECCE-4E35-A285-CC92CA1D1A8F}.Debug|Any CPU.ActiveCfg = Debug|Any CPU
		{79ACAD30-ECCE-4E35-A285-CC92CA1D1A8F}.Debug|Any CPU.Build.0 = Debug|Any CPU
		{79ACAD30-ECCE-4E35-A285-CC92CA1D1A8F}.Release|Any CPU.ActiveCfg = Release|Any CPU
		{79ACAD30-ECCE-4E35-A285-CC92CA1D1A8F}.Release|Any CPU.Build.0 = Release|Any CPU
		{A782B08A-E619-4619-A475-A29C0744C915}.Debug|Any CPU.ActiveCfg = Debug|Any CPU
		{A782B08A-E619-4619-A475-A29C0744C915}.Debug|Any CPU.Build.0 = Debug|Any CPU
		{A782B08A-E619-4619-A475-A29C0744C915}.Release|Any CPU.ActiveCfg = Release|Any CPU
		{A782B08A-E619-4619-A475-A29C0744C915}.Release|Any CPU.Build.0 = Release|Any CPU
		{2FE97B71-ED90-489A-A9AB-FC3E36537984}.Debug|Any CPU.ActiveCfg = Debug|Any CPU
		{2FE97B71-ED90-489A-A9AB-FC3E36537984}.Debug|Any CPU.Build.0 = Debug|Any CPU
		{2FE97B71-ED90-489A-A9AB-FC3E36537984}.Release|Any CPU.ActiveCfg = Release|Any CPU
		{2FE97B71-ED90-489A-A9AB-FC3E36537984}.Release|Any CPU.Build.0 = Release|Any CPU
	EndGlobalSection
	GlobalSection(SolutionProperties) = preSolution
		HideSolutionNode = FALSE
	EndGlobalSection
	GlobalSection(NestedProjects) = preSolution
		{BC322777-02D5-4795-B4F8-E97CD190F776} = {0EAC9756-3C6E-4B66-8D0E-AF99868CB8CD}
		{DD65232C-451F-4F34-A5CF-A7E868182316} = {65B895AA-1DF3-4B3C-A521-5345CBD9B706}
		{0EAC9756-3C6E-4B66-8D0E-AF99868CB8CD} = {DD65232C-451F-4F34-A5CF-A7E868182316}
		{98CD547F-874E-45AB-B915-DEC65BE31D54} = {0EAC9756-3C6E-4B66-8D0E-AF99868CB8CD}
		{14ABBEBA-D593-4C07-BCBC-50F941C6236F} = {DD65232C-451F-4F34-A5CF-A7E868182316}
		{FBBB5544-3970-475E-B0DF-95952878406E} = {14ABBEBA-D593-4C07-BCBC-50F941C6236F}
		{057A01BD-E994-41BD-9E4F-DD2814AB7390} = {14ABBEBA-D593-4C07-BCBC-50F941C6236F}
		{808A4DF6-0D6B-4CF6-A15D-4E17E310B7DF} = {057A01BD-E994-41BD-9E4F-DD2814AB7390}
		{66DCE1B1-CA8E-4417-8F78-974E6B65BC12} = {057A01BD-E994-41BD-9E4F-DD2814AB7390}
		{E479BA40-6021-4B96-9F16-BCC312853F90} = {65B895AA-1DF3-4B3C-A521-5345CBD9B706}
		{A7CFA76D-2825-4D33-8E8F-77529CDF83D9} = {E479BA40-6021-4B96-9F16-BCC312853F90}
		{AFB703BB-8724-42E6-9D4C-1C96BA8F900C} = {022765DE-05E2-4344-B5BF-E499D04E7BDC}
		{B3796DFE-BC8B-493C-8516-0CBAF35F3E3B} = {FB2EA570-102D-49C9-A09C-5E191B6BDD60}
		{705A1866-D131-43EC-840C-850D918C256B} = {FB2EA570-102D-49C9-A09C-5E191B6BDD60}
		{7DEBD0DD-2519-4AF1-8D58-1531FAA5B268} = {705A1866-D131-43EC-840C-850D918C256B}
		{A03A1F4C-EB67-41EB-AAAB-121A279805E2} = {7DF0CBD4-6FF0-46C0-A3FA-B0F537B250B1}
		{7DF0CBD4-6FF0-46C0-A3FA-B0F537B250B1} = {7DEBD0DD-2519-4AF1-8D58-1531FAA5B268}
		{24780206-4E55-42D0-90D8-C4D4FD1024AC} = {7DEBD0DD-2519-4AF1-8D58-1531FAA5B268}
		{9602B716-6B54-4C56-8EE4-269216A20A5D} = {E82AC1BC-879B-4EF1-939C-6E1F8F74452A}
		{0AAF3218-5422-44A9-B427-382EBD6798F1} = {DD65232C-451F-4F34-A5CF-A7E868182316}
		{34D7B353-133E-4BE8-8452-947BBA0D89FC} = {0AAF3218-5422-44A9-B427-382EBD6798F1}
		{71D1B7D9-C64B-4334-8634-684EB62EF431} = {057A01BD-E994-41BD-9E4F-DD2814AB7390}
		{29E29C47-87B9-410D-9149-59D1EC2CF8BA} = {057A01BD-E994-41BD-9E4F-DD2814AB7390}
		{BCB720FF-401B-4A6C-A5D4-9D9FFFC0FAA9} = {29E29C47-87B9-410D-9149-59D1EC2CF8BA}
		{38694C74-4666-496E-80D5-B103BC06DB38} = {705A1866-D131-43EC-840C-850D918C256B}
		{3A77F731-2529-4B0B-9F0D-D0A21F4836A8} = {30D5E3A7-96EE-4D0A-AB59-F8DD1337B9A0}
		{2B3F19E3-2813-426B-9620-840193C84B5E} = {38694C74-4666-496E-80D5-B103BC06DB38}
		{458AD933-9BF6-4C29-A9BA-85B83E452DF8} = {B09CA229-464A-4285-B5CA-4AF4DBCE86C8}
		{9665391B-06CB-404D-94F7-C926E9517974} = {B09CA229-464A-4285-B5CA-4AF4DBCE86C8}
		{B09CA229-464A-4285-B5CA-4AF4DBCE86C8} = {E479BA40-6021-4B96-9F16-BCC312853F90}
		{30D5E3A7-96EE-4D0A-AB59-F8DD1337B9A0} = {38694C74-4666-496E-80D5-B103BC06DB38}
		{4E8D8001-92C7-4FD3-96B6-DAAE1548EAFB} = {38694C74-4666-496E-80D5-B103BC06DB38}
		{50C44545-A09F-467D-93DF-546CD73C9AD3} = {E82AC1BC-879B-4EF1-939C-6E1F8F74452A}
		{F0CAF8CA-9D7F-4063-87E8-FEAEC6EA7B41} = {50C44545-A09F-467D-93DF-546CD73C9AD3}
		{B40010C9-C65C-41FB-B6FC-7CEDDC0BCC7F} = {BF53CDAB-6F65-4F5D-9E2C-1EC965A6B3ED}
		{BF53CDAB-6F65-4F5D-9E2C-1EC965A6B3ED} = {E82AC1BC-879B-4EF1-939C-6E1F8F74452A}
		{82DAB0A3-1EC6-45D4-AC0F-7135B91E4EF0} = {BF53CDAB-6F65-4F5D-9E2C-1EC965A6B3ED}
		{79ACAD30-ECCE-4E35-A285-CC92CA1D1A8F} = {74C16C57-21EC-4DA7-A8ED-413B29A7687D}
		{74C16C57-21EC-4DA7-A8ED-413B29A7687D} = {E82AC1BC-879B-4EF1-939C-6E1F8F74452A}
		{A782B08A-E619-4619-A475-A29C0744C915} = {74C16C57-21EC-4DA7-A8ED-413B29A7687D}
		{2FE97B71-ED90-489A-A9AB-FC3E36537984} = {50C44545-A09F-467D-93DF-546CD73C9AD3}
	EndGlobalSection
	GlobalSection(ExtensibilityGlobals) = postSolution
		SolutionGuid = {E41B5922-48BF-4AD3-B310-D689F2BB8E0F}
	EndGlobalSection
EndGlobal
